# This file is @generated by PDM.
# It is not intended for manual editing.

[metadata]
groups = ["default", "build"]
strategy = ["inherit_metadata"]
lock_version = "4.5.0"
content_hash = "sha256:94e828c24754b4c291bdeed082262927574bb568b7d3b9cb675adb4df2b21714"

[[metadata.targets]]
requires_python = "==3.14.*"

[[package]]
name = "build"
version = "1.4.4"
requires_python = ">=3.9"
summary = "A simple, correct Python build frontend"
groups = ["build"]
marker = "python_version == \"3.14\""
dependencies = [
    "colorama; os_name == \"nt\"",
    "importlib-metadata>=4.6; python_full_version < \"3.10.2\"",
    "packaging>=24.0",
    "pyproject-hooks",
    "tomli>=1.1.0; python_version < \"3.11\"",
]
files = [
    {file = "build-1.4.4-py3-none-any.whl", hash = "sha256:8c3f48a6090b39edec1a273d2d57949aaf13723b01e02f9d518396887519f64d"},
    {file = "build-1.4.4.tar.gz", hash = "sha256:f832ae053061f3fb524af812dc94b8b84bac6880cd587630e3b5d91a6a9c1703"},
]

[[package]]
name = "certifi"
version = "2026.4.22"
requires_python = ">=3.7"
summary = "Python package for providing Mozilla's CA Bundle."
groups = ["default", "build"]
marker = "python_version == \"3.14\""
files = [
    {file = "certifi-2026.4.22-py3-none-any.whl", hash = "sha256:3cb2210c8f88ba2318d29b0388d1023c8492ff72ecdde4ebdaddbb13a31b1c4a"},
    {file = "certifi-2026.4.22.tar.gz", hash = "sha256:8d455352a37b71bf76a79caa83a3d6c25afee4a385d632127b6afb3963f1c580"},
]

[[package]]
name = "cffi"
version = "2.0.0"
requires_python = ">=3.9"
summary = "Foreign Function Interface for Python calling C code."
groups = ["build"]
marker = "python_version == \"3.14\" and platform_python_implementation != \"PyPy\" and (platform_machine != \"ppc64le\" and platform_machine != \"s390x\") and sys_platform == \"linux\""
dependencies = [
    "pycparser; implementation_name != \"PyPy\"",
]
files = [
    {file = "cffi-2.0.0-cp314-cp314-macosx_10_13_x86_64.whl", hash = "sha256:fc33c5141b55ed366cfaad382df24fe7dcbc686de5be719b207bb248e3053dc5"},
    {file = "cffi-2.0.0-cp314-cp314-macosx_11_0_arm64.whl", hash = "sha256:c654de545946e0db659b3400168c9ad31b5d29593291482c43e3564effbcee13"},
    {file = "cffi-2.0.0-cp314-cp314-manylinux2014_aarch64.manylinux_2_17_aarch64.whl", hash = "sha256:24b6f81f1983e6df8db3adc38562c83f7d4a0c36162885ec7f7b77c7dcbec97b"},
    {file = "cffi-2.0.0-cp314-cp314-manylinux2014_ppc64le.manylinux_2_17_ppc64le.whl", hash = "sha256:12873ca6cb9b0f0d3a0da705d6086fe911591737a59f28b7936bdfed27c0d47c"},
    {file = "cffi-2.0.0-cp314-cp314-manylinux2014_s390x.manylinux_2_17_s390x.whl", hash = "sha256:d9b97165e8aed9272a6bb17c01e3cc5871a594a446ebedc996e2397a1c1ea8ef"},
    {file = "cffi-2.0.0-cp314-cp314-manylinux2014_x86_64.manylinux_2_17_x86_64.whl", hash = "sha256:afb8db5439b81cf9c9d0c80404b60c3cc9c3add93e114dcae767f1477cb53775"},
    {file = "cffi-2.0.0-cp314-cp314-musllinux_1_2_aarch64.whl", hash = "sha256:737fe7d37e1a1bffe70bd5754ea763a62a066dc5913ca57e957824b72a85e205"},
    {file = "cffi-2.0.0-cp314-cp314-musllinux_1_2_x86_64.whl", hash = "sha256:38100abb9d1b1435bc4cc340bb4489635dc2f0da7456590877030c9b3d40b0c1"},
    {file = "cffi-2.0.0-cp314-cp314-win32.whl", hash = "sha256:087067fa8953339c723661eda6b54bc98c5625757ea62e95eb4898ad5e776e9f"},
    {file = "cffi-2.0.0-cp314-cp314-win_amd64.whl", hash = "sha256:203a48d1fb583fc7d78a4c6655692963b860a417c0528492a6bc21f1aaefab25"},
    {file = "cffi-2.0.0-cp314-cp314-win_arm64.whl", hash = "sha256:dbd5c7a25a7cb98f5ca55d258b103a2054f859a46ae11aaf23134f9cc0d356ad"},
    {file = "cffi-2.0.0-cp314-cp314t-macosx_10_13_x86_64.whl", hash = "sha256:9a67fc9e8eb39039280526379fb3a70023d77caec1852002b4da7e8b270c4dd9"},
    {file = "cffi-2.0.0-cp314-cp314t-macosx_11_0_arm64.whl", hash = "sha256:7a66c7204d8869299919db4d5069a82f1561581af12b11b3c9f48c584eb8743d"},
    {file = "cffi-2.0.0-cp314-cp314t-manylinux2014_aarch64.manylinux_2_17_aarch64.whl", hash = "sha256:7cc09976e8b56f8cebd752f7113ad07752461f48a58cbba644139015ac24954c"},
    {file = "cffi-2.0.0-cp314-cp314t-manylinux2014_ppc64le.manylinux_2_17_ppc64le.whl", hash = "sha256:92b68146a71df78564e4ef48af17551a5ddd142e5190cdf2c5624d0c3ff5b2e8"},
    {file = "cffi-2.0.0-cp314-cp314t-manylinux2014_s390x.manylinux_2_17_s390x.whl", hash = "sha256:b1e74d11748e7e98e2f426ab176d4ed720a64412b6a15054378afdb71e0f37dc"},
    {file = "cffi-2.0.0-cp314-cp314t-manylinux2014_x86_64.manylinux_2_17_x86_64.whl", hash = "sha256:28a3a209b96630bca57cce802da70c266eb08c6e97e5afd61a75611ee6c64592"},
    {file = "cffi-2.0.0-cp314-cp314t-musllinux_1_2_aarch64.whl", hash = "sha256:7553fb2090d71822f02c629afe6042c299edf91ba1bf94951165613553984512"},
    {file = "cffi-2.0.0-cp314-cp314t-musllinux_1_2_x86_64.whl", hash = "sha256:6c6c373cfc5c83a975506110d17457138c8c63016b563cc9ed6e056a82f13ce4"},
    {file = "cffi-2.0.0-cp314-cp314t-win32.whl", hash = "sha256:1fc9ea04857caf665289b7a75923f2c6ed559b8298a1b8c49e59f7dd95c8481e"},
    {file = "cffi-2.0.0-cp314-cp314t-win_amd64.whl", hash = "sha256:d68b6cef7827e8641e8ef16f4494edda8b36104d79773a334beaa1e3521430f6"},
    {file = "cffi-2.0.0-cp314-cp314t-win_arm64.whl", hash = "sha256:0a1527a803f0a659de1af2e1fd700213caba79377e27e4693648c2923da066f9"},
    {file = "cffi-2.0.0.tar.gz", hash = "sha256:44d1b5909021139fe36001ae048dbdde8214afa20200eda0f64c068cac5d5529"},
]

[[package]]
name = "charset-normalizer"
version = "3.4.7"
requires_python = ">=3.7"
summary = "The Real First Universal Charset Detector. Open, modern and actively maintained alternative to Chardet."
groups = ["default", "build"]
marker = "python_version == \"3.14\""
files = [
    {file = "charset_normalizer-3.4.7-cp314-cp314-macosx_10_15_universal2.whl", hash = "sha256:c36c333c39be2dbca264d7803333c896ab8fa7d4d6f0ab7edb7dfd7aea6e98c0"},
    {file = "charset_normalizer-3.4.7-cp314-cp314-manylinux2014_aarch64.manylinux_2_17_aarch64.manylinux_2_28_aarch64.whl", hash = "sha256:1c2aed2e5e41f24ea8ef1590b8e848a79b56f3a5564a65ceec43c9d692dc7d8a"},
    {file = "charset_normalizer-3.4.7-cp314-cp314-manylinux2014_ppc64le.manylinux_2_17_ppc64le.manylinux_2_28_ppc64le.whl", hash = "sha256:54523e136b8948060c0fa0bc7b1b50c32c186f2fceee897a495406bb6e311d2b"},
    {file = "charset_normalizer-3.4.7-cp314-cp314-manylinux2014_s390x.manylinux_2_17_s390x.manylinux_2_28_s390x.whl", hash = "sha256:715479b9a2802ecac752a3b0efa2b0b60285cf962ee38414211abdfccc233b41"},
    {file = "charset_normalizer-3.4.7-cp314-cp314-manylinux2014_x86_64.manylinux_2_17_x86_64.manylinux_2_28_x86_64.whl", hash = "sha256:bd6c2a1c7573c64738d716488d2cdd3c00e340e4835707d8fdb8dc1a66ef164e"},
    {file = "charset_normalizer-3.4.7-cp314-cp314-manylinux_2_31_armv7l.whl", hash = "sha256:c45e9440fb78f8ddabcf714b68f936737a121355bf59f3907f4e17721b9d1aae"},
    {file = "charset_normalizer-3.4.7-cp314-cp314-manylinux_2_31_riscv64.manylinux_2_39_riscv64.whl", hash = "sha256:3534e7dcbdcf757da6b85a0bbf5b6868786d5982dd959b065e65481644817a18"},
    {file = "charset_normalizer-3.4.7-cp314-cp314-musllinux_1_2_aarch64.whl", hash = "sha256:e8ac484bf18ce6975760921bb6148041faa8fef0547200386ea0b52b5d27bf7b"},
    {file = "charset_normalizer-3.4.7-cp314-cp314-musllinux_1_2_armv7l.whl", hash = "sha256:a5fe03b42827c13cdccd08e6c0247b6a6d4b5e3cdc53fd1749f5896adcdc2356"},
    {file = "charset_normalizer-3.4.7-cp314-cp314-musllinux_1_2_ppc64le.whl", hash = "sha256:2d6eb928e13016cea4f1f21d1e10c1cebd5a421bc57ddf5b1142ae3f86824fab"},
    {file = "charset_normalizer-3.4.7-cp314-cp314-musllinux_1_2_riscv64.whl", hash = "sha256:e74327fb75de8986940def6e8dee4f127cc9752bee7355bb323cc5b2659b6d46"},
    {file = "charset_normalizer-3.4.7-cp314-cp314-musllinux_1_2_s390x.whl", hash = "sha256:d6038d37043bced98a66e68d3aa2b6a35505dc01328cd65217cefe82f25def44"},
    {file = "charset_normalizer-3.4.7-cp314-cp314-musllinux_1_2_x86_64.whl", hash = "sha256:7579e913a5339fb8fa133f6bbcfd8e6749696206cf05acdbdca71a1b436d8e72"},
    {file = "charset_normalizer-3.4.7-cp314-cp314-win32.whl", hash = "sha256:5b77459df20e08151cd6f8b9ef8ef1f961ef73d85c21a555c7eed5b79410ec10"},
    {file = "charset_normalizer-3.4.7-cp314-cp314-win_amd64.whl", hash = "sha256:92a0a01ead5e668468e952e4238cccd7c537364eb7d851ab144ab6627dbbe12f"},
    {file = "charset_normalizer-3.4.7-cp314-cp314-win_arm64.whl", hash = "sha256:67f6279d125ca0046a7fd386d01b311c6363844deac3e5b069b514ba3e63c246"},
    {file = "charset_normalizer-3.4.7-cp314-cp314t-macosx_10_15_universal2.whl", hash = "sha256:effc3f449787117233702311a1b7d8f59cba9ced946ba727bdc329ec69028e24"},
    {file = "charset_normalizer-3.4.7-cp314-cp314t-manylinux2014_aarch64.manylinux_2_17_aarch64.manylinux_2_28_aarch64.whl", hash = "sha256:fbccdc05410c9ee21bbf16a35f4c1d16123dcdeb8a1d38f33654fa21d0234f79"},
    {file = "charset_normalizer-3.4.7-cp314-cp314t-manylinux2014_ppc64le.manylinux_2_17_ppc64le.manylinux_2_28_ppc64le.whl", hash = "sha256:733784b6d6def852c814bce5f318d25da2ee65dd4839a0718641c696e09a2960"},
    {file = "charset_normalizer-3.4.7-cp314-cp314t-manylinux2014_s390x.manylinux_2_17_s390x.manylinux_2_28_s390x.whl", hash = "sha256:a89c23ef8d2c6b27fd200a42aa4ac72786e7c60d40efdc76e6011260b6e949c4"},
    {file = "charset_normalizer-3.4.7-cp314-cp314t-manylinux2014_x86_64.manylinux_2_17_x86_64.manylinux_2_28_x86_64.whl", hash = "sha256:6c114670c45346afedc0d947faf3c7f701051d2518b943679c8ff88befe14f8e"},
    {file = "charset_normalizer-3.4.7-cp314-cp314t-manylinux_2_31_armv7l.whl", hash = "sha256:a180c5e59792af262bf263b21a3c49353f25945d8d9f70628e73de370d55e1e1"},
    {file = "charset_normalizer-3.4.7-cp314-cp314t-manylinux_2_31_riscv64.manylinux_2_39_riscv64.whl", hash = "sha256:3c9a494bc5ec77d43cea229c4f6db1e4d8fe7e1bbffa8b6f0f0032430ff8ab44"},
    {file = "charset_normalizer-3.4.7-cp314-cp314t-musllinux_1_2_aarch64.whl", hash = "sha256:8d828b6667a32a728a1ad1d93957cdf37489c57b97ae6c4de2860fa749b8fc1e"},
    {file = "charset_normalizer-3.4.7-cp314-cp314t-musllinux_1_2_armv7l.whl", hash = "sha256:cf1493cd8607bec4d8a7b9b004e699fcf8f9103a9284cc94962cb73d20f9d4a3"},
    {file = "charset_normalizer-3.4.7-cp314-cp314t-musllinux_1_2_ppc64le.whl", hash = "sha256:0c96c3b819b5c3e9e165495db84d41914d6894d55181d2d108cc1a69bfc9cce0"},
    {file = "charset_normalizer-3.4.7-cp314-cp314t-musllinux_1_2_riscv64.whl", hash = "sha256:752a45dc4a6934060b3b0dab47e04edc3326575f82be64bc4fc293914566503e"},
    {file = "charset_normalizer-3.4.7-cp314-cp314t-musllinux_1_2_s390x.whl", hash = "sha256:8778f0c7a52e56f75d12dae53ae320fae900a8b9b4164b981b9c5ce059cd1fcb"},
    {file = "charset_normalizer-3.4.7-cp314-cp314t-musllinux_1_2_x86_64.whl", hash = "sha256:ce3412fbe1e31eb81ea42f4169ed94861c56e643189e1e75f0041f3fe7020abe"},
    {file = "charset_normalizer-3.4.7-cp314-cp314t-win32.whl", hash = "sha256:c03a41a8784091e67a39648f70c5f97b5b6a37f216896d44d2cdcb82615339a0"},
    {file = "charset_normalizer-3.4.7-cp314-cp314t-win_amd64.whl", hash = "sha256:03853ed82eeebbce3c2abfdbc98c96dc205f32a79627688ac9a27370ea61a49c"},
    {file = "charset_normalizer-3.4.7-cp314-cp314t-win_arm64.whl", hash = "sha256:c35abb8bfff0185efac5878da64c45dafd2b37fb0383add1be155a763c1f083d"},
    {file = "charset_normalizer-3.4.7-py3-none-any.whl", hash = "sha256:3dce51d0f5e7951f8bb4900c257dad282f49190fdbebecd4ba99bcc41fef404d"},
    {file = "charset_normalizer-3.4.7.tar.gz", hash = "sha256:ae89db9e5f98a11a4bf50407d4363e7b09b31e55bc117b4f7d80aab97ba009e5"},
]

[[package]]
name = "colorama"
version = "0.4.6"
requires_python = "!=3.0.*,!=3.1.*,!=3.2.*,!=3.3.*,!=3.4.*,!=3.5.*,!=3.6.*,>=2.7"
summary = "Cross-platform colored terminal text."
groups = ["build"]
marker = "os_name == \"nt\" and python_version == \"3.14\""
files = [
    {file = "colorama-0.4.6-py2.py3-none-any.whl", hash = "sha256:4f1d9991f5acc0ca119f9d443620b77f9d6b33703e51011c16baf57afb285fc6"},
    {file = "colorama-0.4.6.tar.gz", hash = "sha256:08695f5cb7ed6e0531a20572697297273c47b8cae5a63ffc6d6ed5c201be6e44"},
]

[[package]]
name = "cryptography"
version = "47.0.0"
requires_python = "!=3.9.0,!=3.9.1,>=3.8"
summary = "cryptography is a package which provides cryptographic recipes and primitives to Python developers."
groups = ["build"]
marker = "(platform_machine != \"ppc64le\" and platform_machine != \"s390x\") and sys_platform == \"linux\" and python_version == \"3.14\""
dependencies = [
    "cffi>=1.14; python_full_version == \"3.8.*\" and platform_python_implementation != \"PyPy\"",
    "cffi>=2.0.0; python_full_version >= \"3.9\" and platform_python_implementation != \"PyPy\"",
    "typing-extensions>=4.13.2; python_full_version < \"3.11\"",
]
files = [
    {file = "cryptography-47.0.0-cp311-abi3-macosx_10_9_universal2.whl", hash = "sha256:160ad728f128972d362e714054f6ba0067cab7fb350c5202a9ae8ae4ce3ef1a0"},
    {file = "cryptography-47.0.0-cp311-abi3-manylinux2014_aarch64.manylinux_2_17_aarch64.whl", hash = "sha256:b9a8943e359b7615db1a3ba587994618e094ff3d6fa5a390c73d079ce18b3973"},
    {file = "cryptography-47.0.0-cp311-abi3-manylinux2014_x86_64.manylinux_2_17_x86_64.whl", hash = "sha256:f5c15764f261394b22aef6b00252f5195f46f2ca300bec57149474e2538b31f8"},
    {file = "cryptography-47.0.0-cp311-abi3-manylinux_2_28_aarch64.whl", hash = "sha256:9c59ab0e0fa3a180a5a9c59f3a5abe3ef90d474bc56d7fadfbe80359491b615b"},
    {file = "cryptography-47.0.0-cp311-abi3-manylinux_2_28_ppc64le.whl", hash = "sha256:34b4358b925a5ea3e14384ca781a2c0ef7ac219b57bb9eacc4457078e2b19f92"},
    {file = "cryptography-47.0.0-cp311-abi3-manylinux_2_28_x86_64.whl", hash = "sha256:0024b87d47ae2399165a6bfb20d24888881eeab83ae2566d62467c5ff0030ce7"},
    {file = "cryptography-47.0.0-cp311-abi3-manylinux_2_31_armv7l.whl", hash = "sha256:1e47422b5557bb82d3fff997e8d92cff4e28b9789576984f08c248d2b3535d93"},
    {file = "cryptography-47.0.0-cp311-abi3-manylinux_2_34_aarch64.whl", hash = "sha256:6f29f36582e6151d9686235e586dd35bb67491f024767d10b842e520dc6a07ac"},
    {file = "cryptography-47.0.0-cp311-abi3-manylinux_2_34_ppc64le.whl", hash = "sha256:a9b761f012a943b7de0e828843c5688d0de94a0578d44d6c85a1bae32f87791f"},
    {file = "cryptography-47.0.0-cp311-abi3-manylinux_2_34_x86_64.whl", hash = "sha256:4e1de79e047e25d6e9f8cea71c86b4a53aced64134f0f003bbcbf3655fd172c8"},
    {file = "cryptography-47.0.0-cp311-abi3-musllinux_1_2_aarch64.whl", hash = "sha256:ef6b3634087f18d2155b1e8ce264e5345a753da2c5fa9815e7d41315c90f8318"},
    {file = "cryptography-47.0.0-cp311-abi3-musllinux_1_2_x86_64.whl", hash = "sha256:11dbb9f50a0f1bb9757b3d8c27c1101780efb8f0bdecfb12439c22a74d64c001"},
    {file = "cryptography-47.0.0-cp311-abi3-win32.whl", hash = "sha256:7fda2f02c9015db3f42bb8a22324a454516ed10a8c29ca6ece6cdbb5efe2a203"},
    {file = "cryptography-47.0.0-cp311-abi3-win_amd64.whl", hash = "sha256:f5c3296dab66202f1b18a91fa266be93d6aa0c2806ea3d67762c69f60adc71aa"},
    {file = "cryptography-47.0.0-cp314-cp314t-macosx_10_9_universal2.whl", hash = "sha256:be12cb6a204f77ed968bcefe68086eb061695b540a3dd05edac507a3111b25f0"},
    {file = "cryptography-47.0.0-cp314-cp314t-manylinux2014_aarch64.manylinux_2_17_aarch64.whl", hash = "sha256:2ebd84adf0728c039a3be2700289378e1c164afc6748df1a5ed456767bef9ba7"},
    {file = "cryptography-47.0.0-cp314-cp314t-manylinux2014_x86_64.manylinux_2_17_x86_64.whl", hash = "sha256:7f68d6fbc7fbbcfb0939fea72c3b96a9f9a6edfc0e1b1d29778a2066030418b1"},
    {file = "cryptography-47.0.0-cp314-cp314t-manylinux_2_28_aarch64.whl", hash = "sha256:6651d32eff255423503aa276739da98c30f26c40cbeffcc6048e0d54ef704c0c"},
    {file = "cryptography-47.0.0-cp314-cp314t-manylinux_2_28_ppc64le.whl", hash = "sha256:3fb8fa48075fad7193f2e5496135c6a76ac4b2aa5a38433df0a539296b377829"},
    {file = "cryptography-47.0.0-cp314-cp314t-manylinux_2_28_x86_64.whl", hash = "sha256:11438c7518132d95f354fa01a4aa2f806d172a061a7bed18cf18cbdacdb204d7"},
    {file = "cryptography-47.0.0-cp314-cp314t-manylinux_2_31_armv7l.whl", hash = "sha256:8c1a736bbb3288005796c3f7ccb9453360d7fed483b13b9f468aea5171432923"},
    {file = "cryptography-47.0.0-cp314-cp314t-manylinux_2_34_aarch64.whl", hash = "sha256:f1557695e5c2b86e204f6ce9470497848634100787935ab7adc5397c54abd7ab"},
    {file = "cryptography-47.0.0-cp314-cp314t-manylinux_2_34_ppc64le.whl", hash = "sha256:f9a034b642b960767fb343766ae5ba6ad653f2e890ddd82955aef288ffea8736"},
    {file = "cryptography-47.0.0-cp314-cp314t-manylinux_2_34_x86_64.whl", hash = "sha256:b1c76fca783aa7698eb21eb14f9c4aa09452248ee54a627d125025a43f83e7a7"},
    {file = "cryptography-47.0.0-cp314-cp314t-musllinux_1_2_aarch64.whl", hash = "sha256:4f7722c97826770bab8ae92959a2e7b20a5e9e9bf4deae68fd86c3ca457bab52"},
    {file = "cryptography-47.0.0-cp314-cp314t-musllinux_1_2_x86_64.whl", hash = "sha256:09f6d7bf6724f8db8b32f11eccf23efc8e759924bc5603800335cf8859a3ddbd"},
    {file = "cryptography-47.0.0-cp314-cp314t-win32.whl", hash = "sha256:6eebcaf0df1d21ce1f90605c9b432dd2c4f4ab665ac29a40d5e3fc68f51b5e63"},
    {file = "cryptography-47.0.0-cp314-cp314t-win_amd64.whl", hash = "sha256:51c9313e90bd1690ec5a75ed047c27c0b8e6c570029712943d6116ef9a90620b"},
    {file = "cryptography-47.0.0-cp38-abi3-macosx_10_9_universal2.whl", hash = "sha256:14432c8a9bcb37009784f9594a62fae211a2ae9543e96c92b2a8e4c3cd5cd0c4"},
    {file = "cryptography-47.0.0-cp38-abi3-manylinux2014_aarch64.manylinux_2_17_aarch64.whl", hash = "sha256:07efe86201817e7d3c18781ca9770bc0db04e1e48c994be384e4602bc38f8f27"},
    {file = "cryptography-47.0.0-cp38-abi3-manylinux2014_x86_64.manylinux_2_17_x86_64.whl", hash = "sha256:2b45761c6ec22b7c726d6a829558777e32d0f1c8be7c3f3480f9c912d5ee8a10"},
    {file = "cryptography-47.0.0-cp38-abi3-manylinux_2_28_aarch64.whl", hash = "sha256:edd4da498015da5b9f26d38d3bfc2e90257bfa9cbed1f6767c282a0025ae649b"},
    {file = "cryptography-47.0.0-cp38-abi3-manylinux_2_28_ppc64le.whl", hash = "sha256:9af828c0d5a65c70ec729cd7495a4bf1a67ecb66417b8f02ff125ab8a6326a74"},
    {file = "cryptography-47.0.0-cp38-abi3-manylinux_2_28_x86_64.whl", hash = "sha256:256d07c78a04d6b276f5df935a9923275f53bd1522f214447fdf365494e2d515"},
    {file = "cryptography-47.0.0-cp38-abi3-manylinux_2_31_armv7l.whl", hash = "sha256:5d0e362ff51041b0c0d219cc7d6924d7b8996f57ce5712bdcef71eb3c65a59cc"},
    {file = "cryptography-47.0.0-cp38-abi3-manylinux_2_34_aarch64.whl", hash = "sha256:1581aef4219f7ca2849d0250edaa3866212fb74bf5667284f46aa92f9e65c1ca"},
    {file = "cryptography-47.0.0-cp38-abi3-manylinux_2_34_ppc64le.whl", hash = "sha256:a49a3eb5341b9503fa3000a9a0db033161db90d47285291f53c2a9d2cd1b7f76"},
    {file = "cryptography-47.0.0-cp38-abi3-manylinux_2_34_x86_64.whl", hash = "sha256:2207a498b03275d0051589e326b79d4cf59985c99031b05bb292ac52631c37fe"},
    {file = "cryptography-47.0.0-cp38-abi3-musllinux_1_2_aarch64.whl", hash = "sha256:7a02675e2fabd0c0fc04c868b8781863cbf1967691543c22f5470500ff840b31"},
    {file = "cryptography-47.0.0-cp38-abi3-musllinux_1_2_x86_64.whl", hash = "sha256:80887c5cbd1774683cb126f0ab4184567f080071d5acf62205acb354b4b753b7"},
    {file = "cryptography-47.0.0-cp38-abi3-win32.whl", hash = "sha256:ed67ea4e0cfb5faa5bc7ecb6e2b8838f3807a03758eec239d6c21c8769355310"},
    {file = "cryptography-47.0.0-cp38-abi3-win_amd64.whl", hash = "sha256:835d2d7f47cdc53b3224e90810fb1d36ca94ea29cc1801fb4c1bc43876735769"},
    {file = "cryptography-47.0.0.tar.gz", hash = "sha256:9f8e55fe4e63613a5e1cc5819030f27b97742d720203a087802ce4ce9ceb52bb"},
]

[[package]]
name = "docutils"
version = "0.22.4"
requires_python = ">=3.9"
summary = "Docutils -- Python Documentation Utilities"
groups = ["build"]
marker = "python_version == \"3.14\""
files = [
    {file = "docutils-0.22.4-py3-none-any.whl", hash = "sha256:d0013f540772d1420576855455d050a2180186c91c15779301ac2ccb3eeb68de"},
    {file = "docutils-0.22.4.tar.gz", hash = "sha256:4db53b1fde9abecbb74d91230d32ab626d94f6badfc575d6db9194a49df29968"},
]

[[package]]
name = "id"
version = "1.6.1"
requires_python = ">=3.9"
summary = "A tool for generating OIDC identities"
groups = ["build"]
marker = "python_version == \"3.14\""
dependencies = [
    "urllib3<3,>=2",
]
files = [
    {file = "id-1.6.1-py3-none-any.whl", hash = "sha256:f5ec41ed2629a508f5d0988eda142e190c9c6da971100612c4de9ad9f9b237ca"},
    {file = "id-1.6.1.tar.gz", hash = "sha256:d0732d624fb46fd4e7bc4e5152f00214450953b9e772c182c1c22964def1a069"},
]

[[package]]
name = "idna"
version = "3.13"
requires_python = ">=3.8"
summary = "Internationalized Domain Names in Applications (IDNA)"
groups = ["default", "build"]
marker = "python_version == \"3.14\""
files = [
    {file = "idna-3.13-py3-none-any.whl", hash = "sha256:892ea0cde124a99ce773decba204c5552b69c3c67ffd5f232eb7696135bc8bb3"},
    {file = "idna-3.13.tar.gz", hash = "sha256:585ea8fe5d69b9181ec1afba340451fba6ba764af97026f92a91d4eef164a242"},
]

[[package]]
name = "jaraco-classes"
version = "3.4.0"
requires_python = ">=3.8"
summary = "Utility functions for Python class constructs"
groups = ["build"]
marker = "(platform_machine != \"ppc64le\" and platform_machine != \"s390x\") and python_version == \"3.14\""
dependencies = [
    "more-itertools",
]
files = [
    {file = "jaraco.classes-3.4.0-py3-none-any.whl", hash = "sha256:f662826b6bed8cace05e7ff873ce0f9283b5c924470fe664fff1c2f00f581790"},
    {file = "jaraco.classes-3.4.0.tar.gz", hash = "sha256:47a024b51d0239c0dd8c8540c6c7f484be3b8fcf0b2d85c13825780d3b3f3acd"},
]

[[package]]
name = "jaraco-context"
version = "6.1.2"
requires_python = ">=3.10"
summary = "Useful decorators and context managers"
groups = ["build"]
marker = "(platform_machine != \"ppc64le\" and platform_machine != \"s390x\") and python_version == \"3.14\""
dependencies = [
    "backports-tarfile; python_version < \"3.12\"",
]
files = [
    {file = "jaraco_context-6.1.2-py3-none-any.whl", hash = "sha256:bf8150b79a2d5d91ae48629d8b427a8f7ba0e1097dd6202a9059f29a36379535"},
    {file = "jaraco_context-6.1.2.tar.gz", hash = "sha256:f1a6c9d391e661cc5b8d39861ff077a7dc24dc23833ccee564b234b81c82dfe3"},
]

[[package]]
name = "jaraco-functools"
version = "4.4.0"
requires_python = ">=3.9"
summary = "Functools like those found in stdlib"
groups = ["build"]
marker = "(platform_machine != \"ppc64le\" and platform_machine != \"s390x\") and python_version == \"3.14\""
dependencies = [
    "more-itertools",
]
files = [
    {file = "jaraco_functools-4.4.0-py3-none-any.whl", hash = "sha256:9eec1e36f45c818d9bf307c8948eb03b2b56cd44087b3cdc989abca1f20b9176"},
    {file = "jaraco_functools-4.4.0.tar.gz", hash = "sha256:da21933b0417b89515562656547a77b4931f98176eb173644c0d35032a33d6bb"},
]

[[package]]
name = "jeepney"
version = "0.9.0"
requires_python = ">=3.7"
summary = "Low-level, pure Python DBus protocol wrapper."
groups = ["build"]
marker = "(platform_machine != \"ppc64le\" and platform_machine != \"s390x\") and sys_platform == \"linux\" and python_version == \"3.14\""
files = [
    {file = "jeepney-0.9.0-py3-none-any.whl", hash = "sha256:97e5714520c16fc0a45695e5365a2e11b81ea79bba796e26f9f1d178cb182683"},
    {file = "jeepney-0.9.0.tar.gz", hash = "sha256:cf0e9e845622b81e4a28df94c40345400256ec608d0e55bb8a3feaa9163f5732"},
]

[[package]]
name = "keyring"
version = "25.7.0"
requires_python = ">=3.9"
summary = "Store and access your passwords safely."
groups = ["build"]
marker = "(platform_machine != \"ppc64le\" and platform_machine != \"s390x\") and python_version == \"3.14\""
dependencies = [
    "SecretStorage>=3.2; sys_platform == \"linux\"",
    "importlib-metadata>=4.11.4; python_version < \"3.12\"",
    "jaraco-classes",
    "jaraco-context",
    "jaraco-functools",
    "jeepney>=0.4.2; sys_platform == \"linux\"",
    "pywin32-ctypes>=0.2.0; sys_platform == \"win32\"",
]
files = [
    {file = "keyring-25.7.0-py3-none-any.whl", hash = "sha256:be4a0b195f149690c166e850609a477c532ddbfbaed96a404d4e43f8d5e2689f"},
    {file = "keyring-25.7.0.tar.gz", hash = "sha256:fe01bd85eb3f8fb3dd0405defdeac9a5b4f6f0439edbb3149577f244a2e8245b"},
]

[[package]]
name = "markdown-it-py"
version = "4.0.0"
requires_python = ">=3.10"
summary = "Python port of markdown-it. Markdown parsing, done right!"
groups = ["build"]
marker = "python_version == \"3.14\""
dependencies = [
    "mdurl~=0.1",
]
files = [
    {file = "markdown_it_py-4.0.0-py3-none-any.whl", hash = "sha256:87327c59b172c5011896038353a81343b6754500a08cd7a4973bb48c6d578147"},
    {file = "markdown_it_py-4.0.0.tar.gz", hash = "sha256:cb0a2b4aa34f932c007117b194e945bd74e0ec24133ceb5bac59009cda1cb9f3"},
]

[[package]]
name = "mdurl"
version = "0.1.2"
requires_python = ">=3.7"
summary = "Markdown URL utilities"
groups = ["build"]
marker = "python_version == \"3.14\""
files = [
    {file = "mdurl-0.1.2-py3-none-any.whl", hash = "sha256:84008a41e51615a49fc9966191ff91509e3c40b939176e643fd50a5c2196b8f8"},
    {file = "mdurl-0.1.2.tar.gz", hash = "sha256:bb413d29f5eea38f31dd4754dd7377d4465116fb207585f97bf925588687c1ba"},
]

[[package]]
name = "more-itertools"
version = "11.0.2"
requires_python = ">=3.10"
summary = "More routines for operating on iterables, beyond itertools"
groups = ["build"]
marker = "(platform_machine != \"ppc64le\" and platform_machine != \"s390x\") and python_version == \"3.14\""
files = [
    {file = "more_itertools-11.0.2-py3-none-any.whl", hash = "sha256:6e35b35f818b01f691643c6c611bc0902f2e92b46c18fffa77ae1e7c46e912e4"},
    {file = "more_itertools-11.0.2.tar.gz", hash = "sha256:392a9e1e362cbc106a2457d37cabf9b36e5e12efd4ebff1654630e76597df804"},
]

[[package]]
name = "nh3"
version = "0.3.5"
requires_python = ">=3.8"
summary = "Python binding to Ammonia HTML sanitizer Rust crate"
groups = ["build"]
marker = "python_version == \"3.14\""
files = [
    {file = "nh3-0.3.5-cp314-cp314t-macosx_10_12_x86_64.macosx_11_0_arm64.macosx_10_12_universal2.whl", hash = "sha256:23a312224875f72cd16bde417f49071451877e29ef646a60e50fcb69407cc18a"},
    {file = "nh3-0.3.5-cp314-cp314t-manylinux_2_17_x86_64.manylinux2014_x86_64.whl", hash = "sha256:387abd011e81959d5a35151a11350a0795c6edeb53ebfa02d2e882dc01299263"},
    {file = "nh3-0.3.5-cp314-cp314t-manylinux_2_5_i686.manylinux1_i686.whl", hash = "sha256:48f45e3e914be93a596431aa143dedf1582557bf41a58153c296048d6e3798c9"},
    {file = "nh3-0.3.5-cp314-cp314t-musllinux_1_2_aarch64.whl", hash = "sha256:0a09f51806fd51b4fedbf9ea2b61fef388f19aef0d62fe51199d41648be14588"},
    {file = "nh3-0.3.5-cp314-cp314t-musllinux_1_2_armv7l.whl", hash = "sha256:c357f1d042c67f135a5e6babb2b0e3b9d9224ff4a3543240f597767b01384ffd"},
    {file = "nh3-0.3.5-cp314-cp314t-musllinux_1_2_i686.whl", hash = "sha256:38748140bf76383ab7ce2dce0ad4cb663855d8fbc9098f7f3483673d09616a17"},
    {file = "nh3-0.3.5-cp314-cp314t-musllinux_1_2_x86_64.whl", hash = "sha256:84bdeb082544fbcb77a12c034dd77d7da0556fdc0727b787eb6214b958c15e29"},
    {file = "nh3-0.3.5-cp314-cp314t-win32.whl", hash = "sha256:c3aae321f67ae66cff2a627115f106a377d4475d10b0e13d97959a13486b9a88"},
    {file = "nh3-0.3.5-cp314-cp314t-win_amd64.whl", hash = "sha256:c88605d8d468f7fc1b31e06129bc91d6c96f6c621776c9b504a0da9beac9df5f"},
    {file = "nh3-0.3.5-cp314-cp314t-win_arm64.whl", hash = "sha256:72c5bdedec27fa33de6a5326346ea8aa3fe54f6ac294d54c4b204fb66a9f1e79"},
    {file = "nh3-0.3.5-cp38-abi3-macosx_10_12_x86_64.macosx_11_0_arm64.macosx_10_12_universal2.whl", hash = "sha256:3bb854485c9b33e5bb143ff3e49e577073bc6bc320f0ff8fc316dd89c0d3c101"},
    {file = "nh3-0.3.5-cp38-abi3-manylinux_2_17_aarch64.manylinux2014_aarch64.whl", hash = "sha256:50d401ab2d8e86d59e2126e3ab2a2f45840c405842b626d9a51624b3a33b6878"},
    {file = "nh3-0.3.5-cp38-abi3-manylinux_2_17_armv7l.manylinux2014_armv7l.whl", hash = "sha256:acfd354e61accbe4c74f8017c6e397a776916dfe47c48643cf7fd84ade826f93"},
    {file = "nh3-0.3.5-cp38-abi3-manylinux_2_17_ppc64.manylinux2014_ppc64.whl", hash = "sha256:52d877980d7ca01dc3baf3936bf844828bc6f332962227a684ed79c18cce14c3"},
    {file = "nh3-0.3.5-cp38-abi3-manylinux_2_17_ppc64le.manylinux2014_ppc64le.whl", hash = "sha256:207c01801d3e9bb8ec08f08689346bdd30ce15b8bf60013a925d08b5388962a4"},
    {file = "nh3-0.3.5-cp38-abi3-manylinux_2_17_s390x.manylinux2014_s390x.whl", hash = "sha256:ea232933394d1d58bf7c4bb348dc4660eae6604e1ae81cd2ba6d9ed80d390f3b"},
    {file = "nh3-0.3.5-cp38-abi3-manylinux_2_17_x86_64.manylinux2014_x86_64.whl", hash = "sha256:fe3a787dc76b50de6bee54ef242f26c41dfe47654428e3e94f0fae5bb6dd2cc1"},
    {file = "nh3-0.3.5-cp38-abi3-manylinux_2_31_riscv64.whl", hash = "sha256:488928988caad25ba14b1eb5bc74e25e21f3b5e40341d956f3ce4a8bc19460dc"},
    {file = "nh3-0.3.5-cp38-abi3-manylinux_2_5_i686.manylinux1_i686.whl", hash = "sha256:2c069570b06aa848457713ad7af4a9905691291548c4466a9ad78ee95808382b"},
    {file = "nh3-0.3.5-cp38-abi3-musllinux_1_2_aarch64.whl", hash = "sha256:eeedc90ed8c42c327e8e10e621ccfa314fc6cce35d5929f4297ff1cdb89667c4"},
    {file = "nh3-0.3.5-cp38-abi3-musllinux_1_2_armv7l.whl", hash = "sha256:de8e8621853b6470fe928c684ee0d3f39ea8086cebafe4c416486488dea7b68d"},
    {file = "nh3-0.3.5-cp38-abi3-musllinux_1_2_i686.whl", hash = "sha256:6ea58cc44d274c643b83547ca9654a0b1a817609b160601356f76a2b744c49ad"},
    {file = "nh3-0.3.5-cp38-abi3-musllinux_1_2_x86_64.whl", hash = "sha256:e49c9b564e6bcb03ecd2f057213df9a0de15a95812ac9db9600b590db23d3ae9"},
    {file = "nh3-0.3.5-cp38-abi3-win32.whl", hash = "sha256:559e4c73b689e9a7aa97ac9760b1bc488038d7c1a575aa4ab5a0e19ee9630c0f"},
    {file = "nh3-0.3.5-cp38-abi3-win_amd64.whl", hash = "sha256:45e6a65dc88a300a2e3502cb9c8e6d1d6b831d6fba7470643333609c6aab1f30"},
    {file = "nh3-0.3.5-cp38-abi3-win_arm64.whl", hash = "sha256:8f85285700a18e9f3fc5bff41fe573fa84f81542ef13b48a89f9fecca0474d3b"},
    {file = "nh3-0.3.5.tar.gz", hash = "sha256:45855e14ff056064fec77133bfcf7cd691838168e5e17bbef075394954dc9dc8"},
]

[[package]]
name = "packaging"
version = "26.2"
requires_python = ">=3.8"
summary = "Core utilities for Python packages"
groups = ["build"]
marker = "python_version == \"3.14\""
files = [
    {file = "packaging-26.2-py3-none-any.whl", hash = "sha256:5fc45236b9446107ff2415ce77c807cee2862cb6fac22b8a73826d0693b0980e"},
    {file = "packaging-26.2.tar.gz", hash = "sha256:ff452ff5a3e828ce110190feff1178bb1f2ea2281fa2075aadb987c2fb221661"},
]

[[package]]
name = "pycparser"
version = "3.0"
requires_python = ">=3.10"
summary = "C parser in Python"
groups = ["build"]
marker = "python_version == \"3.14\" and platform_python_implementation != \"PyPy\" and (platform_machine != \"ppc64le\" and platform_machine != \"s390x\") and sys_platform == \"linux\" and implementation_name != \"PyPy\""
files = [
    {file = "pycparser-3.0-py3-none-any.whl", hash = "sha256:b727414169a36b7d524c1c3e31839a521725078d7b2ff038656844266160a992"},
    {file = "pycparser-3.0.tar.gz", hash = "sha256:600f49d217304a5902ac3c37e1281c9fe94e4d0489de643a9504c5cdfdfc6b29"},
]

[[package]]
name = "pygments"
version = "2.20.0"
requires_python = ">=3.9"
summary = "Pygments is a syntax highlighting package written in Python."
groups = ["build"]
marker = "python_version == \"3.14\""
files = [
    {file = "pygments-2.20.0-py3-none-any.whl", hash = "sha256:81a9e26dd42fd28a23a2d169d86d7ac03b46e2f8b59ed4698fb4785f946d0176"},
    {file = "pygments-2.20.0.tar.gz", hash = "sha256:6757cd03768053ff99f3039c1a36d6c0aa0b263438fcab17520b30a303a82b5f"},
]

[[package]]
name = "pyproject-hooks"
version = "1.2.0"
requires_python = ">=3.7"
summary = "Wrappers to call pyproject.toml-based build backend hooks."
groups = ["build"]
marker = "python_version == \"3.14\""
files = [
    {file = "pyproject_hooks-1.2.0-py3-none-any.whl", hash = "sha256:9e5c6bfa8dcc30091c74b0cf803c81fdd29d94f01992a7707bc97babb1141913"},
    {file = "pyproject_hooks-1.2.0.tar.gz", hash = "sha256:1e859bd5c40fae9448642dd871adf459e5e2084186e8d2c2a79a824c970da1f8"},
]

[[package]]
name = "pywin32-ctypes"
version = "0.2.3"
requires_python = ">=3.6"
summary = "A (partial) reimplementation of pywin32 using ctypes/cffi"
groups = ["build"]
marker = "(platform_machine != \"ppc64le\" and platform_machine != \"s390x\") and sys_platform == \"win32\" and python_version == \"3.14\""
files = [
    {file = "pywin32-ctypes-0.2.3.tar.gz", hash = "sha256:d162dc04946d704503b2edc4d55f3dba5c1d539ead017afa00142c38b9885755"},
    {file = "pywin32_ctypes-0.2.3-py3-none-any.whl", hash = "sha256:8a1513379d709975552d202d942d9837758905c8d01eb82b8bcc30918929e7b8"},
]

[[package]]
name = "readme-renderer"
version = "44.0"
requires_python = ">=3.9"
summary = "readme_renderer is a library for rendering readme descriptions for Warehouse"
groups = ["build"]
marker = "python_version == \"3.14\""
dependencies = [
    "Pygments>=2.5.1",
    "docutils>=0.21.2",
    "nh3>=0.2.14",
]
files = [
    {file = "readme_renderer-44.0-py3-none-any.whl", hash = "sha256:2fbca89b81a08526aadf1357a8c2ae889ec05fb03f5da67f9769c9a592166151"},
    {file = "readme_renderer-44.0.tar.gz", hash = "sha256:8712034eabbfa6805cacf1402b4eeb2a73028f72d1166d6f5cb7f9c047c5d1e1"},
]

[[package]]
name = "requests"
version = "2.33.1"
requires_python = ">=3.10"
summary = "Python HTTP for Humans."
groups = ["default", "build"]
marker = "python_version == \"3.14\""
dependencies = [
    "certifi>=2023.5.7",
    "charset-normalizer<4,>=2",
    "idna<4,>=2.5",
    "urllib3<3,>=1.26",
]
files = [
    {file = "requests-2.33.1-py3-none-any.whl", hash = "sha256:4e6d1ef462f3626a1f0a0a9c42dd93c63bad33f9f1c1937509b8c5c8718ab56a"},
    {file = "requests-2.33.1.tar.gz", hash = "sha256:18817f8c57c6263968bc123d237e3b8b08ac046f5456bd1e307ee8f4250d3517"},
]

[[package]]
name = "requests-toolbelt"
version = "1.0.0"
requires_python = ">=2.7, !=3.0.*, !=3.1.*, !=3.2.*, !=3.3.*"
summary = "A utility belt for advanced users of python-requests"
groups = ["build"]
marker = "python_version == \"3.14\""
dependencies = [
    "requests<3.0.0,>=2.0.1",
]
files = [
    {file = "requests-toolbelt-1.0.0.tar.gz", hash = "sha256:7681a0a3d047012b5bdc0ee37d7f8f07ebe76ab08caeccfc3921ce23c88d5bc6"},
    {file = "requests_toolbelt-1.0.0-py2.py3-none-any.whl", hash = "sha256:cccfdd665f0a24fcf4726e690f65639d272bb0637b9b92dfd91a5568ccf6bd06"},
]

[[package]]
name = "rfc3986"
version = "2.0.0"
requires_python = ">=3.7"
summary = "Validating URI References per RFC 3986"
groups = ["build"]
marker = "python_version == \"3.14\""
files = [
    {file = "rfc3986-2.0.0-py2.py3-none-any.whl", hash = "sha256:50b1502b60e289cb37883f3dfd34532b8873c7de9f49bb546641ce9cbd256ebd"},
    {file = "rfc3986-2.0.0.tar.gz", hash = "sha256:97aacf9dbd4bfd829baad6e6309fa6573aaf1be3f6fa735c8ab05e46cecb261c"},
]

[[package]]
name = "rich"
version = "15.0.0"
requires_python = ">=3.9.0"
summary = "Render rich text, tables, progress bars, syntax highlighting, markdown and more to the terminal"
groups = ["build"]
marker = "python_version == \"3.14\""
dependencies = [
    "markdown-it-py>=2.2.0",
    "pygments<3.0.0,>=2.13.0",
]
files = [
    {file = "rich-15.0.0-py3-none-any.whl", hash = "sha256:33bd4ef74232fb73fe9279a257718407f169c09b78a87ad3d296f548e27de0bb"},
    {file = "rich-15.0.0.tar.gz", hash = "sha256:edd07a4824c6b40189fb7ac9bc4c52536e9780fbbfbddf6f1e2502c31b068c36"},
]

[[package]]
name = "secretstorage"
version = "3.5.0"
requires_python = ">=3.10"
summary = "Python bindings to FreeDesktop.org Secret Service API"
groups = ["build"]
marker = "(platform_machine != \"ppc64le\" and platform_machine != \"s390x\") and sys_platform == \"linux\" and python_version == \"3.14\""
dependencies = [
    "cryptography>=2.0",
    "jeepney>=0.6",
]
files = [
    {file = "secretstorage-3.5.0-py3-none-any.whl", hash = "sha256:0ce65888c0725fcb2c5bc0fdb8e5438eece02c523557ea40ce0703c266248137"},
    {file = "secretstorage-3.5.0.tar.gz", hash = "sha256:f04b8e4689cbce351744d5537bf6b1329c6fc68f91fa666f60a380edddcd11be"},
]

[[package]]
name = "twine"
version = "6.2.0"
requires_python = ">=3.9"
summary = "Collection of utilities for publishing packages on PyPI"
groups = ["build"]
marker = "python_version == \"3.14\""
dependencies = [
    "id",
    "importlib-metadata>=3.6; python_version < \"3.10\"",
    "keyring>=21.2.0; platform_machine != \"ppc64le\" and platform_machine != \"s390x\"",
    "packaging>=24.0",
    "readme-renderer>=35.0",
    "requests-toolbelt!=0.9.0,>=0.8.0",
    "requests>=2.20",
    "rfc3986>=1.4.0",
    "rich>=12.0.0",
    "urllib3>=1.26.0",
]
files = [
    {file = "twine-6.2.0-py3-none-any.whl", hash = "sha256:418ebf08ccda9a8caaebe414433b0ba5e25eb5e4a927667122fbe8f829f985d8"},
    {file = "twine-6.2.0.tar.gz", hash = "sha256:e5ed0d2fd70c9959770dce51c8f39c8945c574e18173a7b81802dab51b4b75cf"},
]

[[package]]
name = "urllib3"
version = "2.6.3"
requires_python = ">=3.9"
summary = "HTTP library with thread-safe connection pooling, file post, and more."
groups = ["default", "build"]
marker = "python_version == \"3.14\""
files = [
    {file = "urllib3-2.6.3-py3-none-any.whl", hash = "sha256:bf272323e553dfb2e87d9bfd225ca7b0f467b919d7bbd355436d3fd37cb0acd4"},
    {file = "urllib3-2.6.3.tar.gz", hash = "sha256:1b62b6884944a57dbe321509ab94fd4d3b307075e0c2eae991ac71ee15ad38ed"},
]
